
Microsoft Visual Studio Solution File, Format Version 12.00
# Visual Studio Version 17
VisualStudioVersion = 17.0.31903.59
MinimumVisualStudioVersion = 10.0.40219.1
Project("{FAE04EC0-301F-11D3-BF4B-00C04F79EFBC}") = "Benzin Istasyonu Otomasyonu", "Benzin Istasyonu Otomasyonu\Benzin Istasyonu Otomasyonu.csproj", "{AB8F0E48-9DB9-473A-99DB-FA86B6BBCABD}"
EndProject
Global
	GlobalSection(SolutionConfigurationPlatforms) = preSolution
		Debug|Any CPU = Debug|Any CPU
		Release|Any CPU = Release|Any CPU
	EndGlobalSection
	GlobalSection(ProjectConfigurationPlatforms) = postSolution
		{AB8F0E48-9DB9-473A-99DB-FA86B6BBCABD}.Debug|Any CPU.ActiveCfg = Debug|Any CPU
		{AB8F0E48-9DB9-473A-99DB-FA86B6BBCABD}.Debug|Any CPU.Build.0 = Debug|Any CPU
		{AB8F0E48-9DB9-473A-99DB-FA86B6BBCABD}.Release|Any CPU.ActiveCfg = Release|Any CPU
		{AB8F0E48-9DB9-473A-99DB-FA86B6BBCABD}.Release|Any CPU.Build.0 = Release|Any CPU
	EndGlobalSection
	GlobalSection(SolutionProperties) = preSolution
		HideSolutionNode = FALSE
	EndGlobalSection
	GlobalSection(ExtensibilityGlobals) = postSolution
		SolutionGuid = {8A76A1E1-AF82-4417-960B-C300B907AC45}
	EndGlobalSection
EndGlobal
